
Microsoft Visual Studio Solution File, Format Version 12.00
# Visual Studio 15
VisualStudioVersion = 15.0.28307.438
MinimumVisualStudioVersion = 10.0.40219.1
Project("{FAE04EC0-301F-11D3-BF4B-00C04F79EFBC}") = "Part 2 LabWork 4.2", "Part 2 LabWork 4.2\Part 2 LabWork 4.2.csproj", "{FBD67B19-0828-45A5-8B61-1195BCCF057F}"
EndProject
Global
	GlobalSection(SolutionConfigurationPlatforms) = preSolution
		Debug|Any CPU = Debug|Any CPU
		Release|Any CPU = Release|Any CPU
	EndGlobalSection
	GlobalSection(ProjectConfigurationPlatforms) = postSolution
		{FBD67B19-0828-45A5-8B61-1195BCCF057F}.Debug|Any CPU.ActiveCfg = Debug|Any CPU
		{FBD67B19-0828-45A5-8B61-1195BCCF057F}.Debug|Any CPU.Build.0 = Debug|Any CPU
		{FBD67B19-0828-45A5-8B61-1195BCCF057F}.Release|Any CPU.ActiveCfg = Release|Any CPU
		{FBD67B19-0828-45A5-8B61-1195BCCF057F}.Release|Any CPU.Build.0 = Release|Any CPU
	EndGlobalSection
	GlobalSection(SolutionProperties) = preSolution
		HideSolutionNode = FALSE
	EndGlobalSection
	GlobalSection(ExtensibilityGlobals) = postSolution
		SolutionGuid = {5B794AD6-1C21-4E43-8932-8FB1B651411A}
	EndGlobalSection
EndGlobal
