
Microsoft Visual Studio Solution File, Format Version 12.00
# Visual Studio 15
VisualStudioVersion = 15.0.28307.438
MinimumVisualStudioVersion = 10.0.40219.1
Project("{FAE04EC0-301F-11D3-BF4B-00C04F79EFBC}") = "Part 2 LabWork 4.1", "Part 2 LabWork 4.1\Part 2 LabWork 4.1.csproj", "{98DC26EE-2EA1-4035-B607-6AE5A62086DC}"
EndProject
Global
	GlobalSection(SolutionConfigurationPlatforms) = preSolution
		Debug|Any CPU = Debug|Any CPU
		Release|Any CPU = Release|Any CPU
	EndGlobalSection
	GlobalSection(ProjectConfigurationPlatforms) = postSolution
		{98DC26EE-2EA1-4035-B607-6AE5A62086DC}.Debug|Any CPU.ActiveCfg = Debug|Any CPU
		{98DC26EE-2EA1-4035-B607-6AE5A62086DC}.Debug|Any CPU.Build.0 = Debug|Any CPU
		{98DC26EE-2EA1-4035-B607-6AE5A62086DC}.Release|Any CPU.ActiveCfg = Release|Any CPU
		{98DC26EE-2EA1-4035-B607-6AE5A62086DC}.Release|Any CPU.Build.0 = Release|Any CPU
	EndGlobalSection
	GlobalSection(SolutionProperties) = preSolution
		HideSolutionNode = FALSE
	EndGlobalSection
	GlobalSection(ExtensibilityGlobals) = postSolution
		SolutionGuid = {EC16FA2B-9E33-4C94-BF5E-8A09BA9C6DB6}
	EndGlobalSection
EndGlobal
