
Microsoft Visual Studio Solution File, Format Version 12.00
# Visual Studio 15
VisualStudioVersion = 15.0.28307.438
MinimumVisualStudioVersion = 10.0.40219.1
Project("{FAE04EC0-301F-11D3-BF4B-00C04F79EFBC}") = "LabWork 5.5", "LabWork 5.5\LabWork 5.5.csproj", "{B72C603F-EA50-4693-AC5C-3F2D45E86C0C}"
EndProject
Global
	GlobalSection(SolutionConfigurationPlatforms) = preSolution
		Debug|Any CPU = Debug|Any CPU
		Release|Any CPU = Release|Any CPU
	EndGlobalSection
	GlobalSection(ProjectConfigurationPlatforms) = postSolution
		{B72C603F-EA50-4693-AC5C-3F2D45E86C0C}.Debug|Any CPU.ActiveCfg = Debug|Any CPU
		{B72C603F-EA50-4693-AC5C-3F2D45E86C0C}.Debug|Any CPU.Build.0 = Debug|Any CPU
		{B72C603F-EA50-4693-AC5C-3F2D45E86C0C}.Release|Any CPU.ActiveCfg = Release|Any CPU
		{B72C603F-EA50-4693-AC5C-3F2D45E86C0C}.Release|Any CPU.Build.0 = Release|Any CPU
	EndGlobalSection
	GlobalSection(SolutionProperties) = preSolution
		HideSolutionNode = FALSE
	EndGlobalSection
	GlobalSection(ExtensibilityGlobals) = postSolution
		SolutionGuid = {4E10268F-CF4E-4BB7-B4AB-EBDAC903ECE3}
	EndGlobalSection
EndGlobal
