
Microsoft Visual Studio Solution File, Format Version 12.00
# Visual Studio 15
VisualStudioVersion = 15.0.28307.438
MinimumVisualStudioVersion = 10.0.40219.1
Project("{FAE04EC0-301F-11D3-BF4B-00C04F79EFBC}") = "Part 2 LabWork 3.1", "Part 2 LabWork 3.1\Part 2 LabWork 3.1.csproj", "{293C8C70-972C-4D60-9635-6EDF37E84371}"
EndProject
Global
	GlobalSection(SolutionConfigurationPlatforms) = preSolution
		Debug|Any CPU = Debug|Any CPU
		Release|Any CPU = Release|Any CPU
	EndGlobalSection
	GlobalSection(ProjectConfigurationPlatforms) = postSolution
		{293C8C70-972C-4D60-9635-6EDF37E84371}.Debug|Any CPU.ActiveCfg = Debug|Any CPU
		{293C8C70-972C-4D60-9635-6EDF37E84371}.Debug|Any CPU.Build.0 = Debug|Any CPU
		{293C8C70-972C-4D60-9635-6EDF37E84371}.Release|Any CPU.ActiveCfg = Release|Any CPU
		{293C8C70-972C-4D60-9635-6EDF37E84371}.Release|Any CPU.Build.0 = Release|Any CPU
	EndGlobalSection
	GlobalSection(SolutionProperties) = preSolution
		HideSolutionNode = FALSE
	EndGlobalSection
	GlobalSection(ExtensibilityGlobals) = postSolution
		SolutionGuid = {BAE93CD4-C067-4E36-A6BD-EDFE96212471}
	EndGlobalSection
EndGlobal
