
Microsoft Visual Studio Solution File, Format Version 12.00
# Visual Studio 15
VisualStudioVersion = 15.0.28307.438
MinimumVisualStudioVersion = 10.0.40219.1
Project("{FAE04EC0-301F-11D3-BF4B-00C04F79EFBC}") = "Part 2 LabWork 5.2", "Part 2 LabWork 5.2\Part 2 LabWork 5.2.csproj", "{47812D5A-0A5C-4482-B990-AE2D7D42B482}"
EndProject
Global
	GlobalSection(SolutionConfigurationPlatforms) = preSolution
		Debug|Any CPU = Debug|Any CPU
		Release|Any CPU = Release|Any CPU
	EndGlobalSection
	GlobalSection(ProjectConfigurationPlatforms) = postSolution
		{47812D5A-0A5C-4482-B990-AE2D7D42B482}.Debug|Any CPU.ActiveCfg = Debug|Any CPU
		{47812D5A-0A5C-4482-B990-AE2D7D42B482}.Debug|Any CPU.Build.0 = Debug|Any CPU
		{47812D5A-0A5C-4482-B990-AE2D7D42B482}.Release|Any CPU.ActiveCfg = Release|Any CPU
		{47812D5A-0A5C-4482-B990-AE2D7D42B482}.Release|Any CPU.Build.0 = Release|Any CPU
	EndGlobalSection
	GlobalSection(SolutionProperties) = preSolution
		HideSolutionNode = FALSE
	EndGlobalSection
	GlobalSection(ExtensibilityGlobals) = postSolution
		SolutionGuid = {2E3A457E-F7A0-4E12-99D7-92FEA920BEF2}
	EndGlobalSection
EndGlobal
