
Microsoft Visual Studio Solution File, Format Version 12.00
# Visual Studio 15
VisualStudioVersion = 15.0.28307.438
MinimumVisualStudioVersion = 10.0.40219.1
Project("{FAE04EC0-301F-11D3-BF4B-00C04F79EFBC}") = "WcfSimpleService", "WcfSimpleService\WcfSimpleService.csproj", "{BD20E462-DE55-4B69-9B86-88340E36E9BE}"
EndProject
Project("{FAE04EC0-301F-11D3-BF4B-00C04F79EFBC}") = "WCF_SimpleRESTClient", "WCF_SimpleRESTClient\WCF_SimpleRESTClient.csproj", "{F2787251-1E45-4F49-9890-A1B30FA18E81}"
	ProjectSection(ProjectDependencies) = postProject
		{BD20E462-DE55-4B69-9B86-88340E36E9BE} = {BD20E462-DE55-4B69-9B86-88340E36E9BE}
	EndProjectSection
EndProject
Project("{FAE04EC0-301F-11D3-BF4B-00C04F79EFBC}") = "WSF_SimpleRESTClient_1", "WSF_SimpleRESTClient_1\WSF_SimpleRESTClient_1.csproj", "{A8867036-A215-4A5D-8055-DC8DF6501B64}"
	ProjectSection(ProjectDependencies) = postProject
		{BD20E462-DE55-4B69-9B86-88340E36E9BE} = {BD20E462-DE55-4B69-9B86-88340E36E9BE}
	EndProjectSection
EndProject
Global
	GlobalSection(SolutionConfigurationPlatforms) = preSolution
		Debug|Any CPU = Debug|Any CPU
		Release|Any CPU = Release|Any CPU
	EndGlobalSection
	GlobalSection(ProjectConfigurationPlatforms) = postSolution
		{BD20E462-DE55-4B69-9B86-88340E36E9BE}.Debug|Any CPU.ActiveCfg = Debug|Any CPU
		{BD20E462-DE55-4B69-9B86-88340E36E9BE}.Debug|Any CPU.Build.0 = Debug|Any CPU
		{BD20E462-DE55-4B69-9B86-88340E36E9BE}.Release|Any CPU.ActiveCfg = Release|Any CPU
		{BD20E462-DE55-4B69-9B86-88340E36E9BE}.Release|Any CPU.Build.0 = Release|Any CPU
		{F2787251-1E45-4F49-9890-A1B30FA18E81}.Debug|Any CPU.ActiveCfg = Debug|Any CPU
		{F2787251-1E45-4F49-9890-A1B30FA18E81}.Debug|Any CPU.Build.0 = Debug|Any CPU
		{F2787251-1E45-4F49-9890-A1B30FA18E81}.Release|Any CPU.ActiveCfg = Release|Any CPU
		{F2787251-1E45-4F49-9890-A1B30FA18E81}.Release|Any CPU.Build.0 = Release|Any CPU
		{A8867036-A215-4A5D-8055-DC8DF6501B64}.Debug|Any CPU.ActiveCfg = Debug|Any CPU
		{A8867036-A215-4A5D-8055-DC8DF6501B64}.Debug|Any CPU.Build.0 = Debug|Any CPU
		{A8867036-A215-4A5D-8055-DC8DF6501B64}.Release|Any CPU.ActiveCfg = Release|Any CPU
		{A8867036-A215-4A5D-8055-DC8DF6501B64}.Release|Any CPU.Build.0 = Release|Any CPU
	EndGlobalSection
	GlobalSection(SolutionProperties) = preSolution
		HideSolutionNode = FALSE
	EndGlobalSection
	GlobalSection(ExtensibilityGlobals) = postSolution
		SolutionGuid = {614F03F6-079B-47F6-90E3-42021AE58AF3}
	EndGlobalSection
EndGlobal
