
Microsoft Visual Studio Solution File, Format Version 12.00
# Visual Studio 15
VisualStudioVersion = 15.0.28307.438
MinimumVisualStudioVersion = 10.0.40219.1
Project("{FAE04EC0-301F-11D3-BF4B-00C04F79EFBC}") = "Variables", "Variables\Variables.csproj", "{E61C11E2-2789-4C9A-A2D6-E2B9700562FC}"
EndProject
Global
	GlobalSection(SolutionConfigurationPlatforms) = preSolution
		Debug|Any CPU = Debug|Any CPU
		Release|Any CPU = Release|Any CPU
	EndGlobalSection
	GlobalSection(ProjectConfigurationPlatforms) = postSolution
		{E61C11E2-2789-4C9A-A2D6-E2B9700562FC}.Debug|Any CPU.ActiveCfg = Debug|Any CPU
		{E61C11E2-2789-4C9A-A2D6-E2B9700562FC}.Debug|Any CPU.Build.0 = Debug|Any CPU
		{E61C11E2-2789-4C9A-A2D6-E2B9700562FC}.Release|Any CPU.ActiveCfg = Release|Any CPU
		{E61C11E2-2789-4C9A-A2D6-E2B9700562FC}.Release|Any CPU.Build.0 = Release|Any CPU
	EndGlobalSection
	GlobalSection(SolutionProperties) = preSolution
		HideSolutionNode = FALSE
	EndGlobalSection
	GlobalSection(ExtensibilityGlobals) = postSolution
		SolutionGuid = {553C01F9-CFFE-4743-9B9B-C43EF3841911}
	EndGlobalSection
EndGlobal
