
Microsoft Visual Studio Solution File, Format Version 12.00
# Visual Studio 15
VisualStudioVersion = 15.0.28307.438
MinimumVisualStudioVersion = 10.0.40219.1
Project("{FAE04EC0-301F-11D3-BF4B-00C04F79EFBC}") = "Part 2 LabWork 3.2", "Part 2 LabWork 3.2\Part 2 LabWork 3.2.csproj", "{BB9CAFDB-AE5A-4BF8-BCAF-E0095B6C0DED}"
EndProject
Global
	GlobalSection(SolutionConfigurationPlatforms) = preSolution
		Debug|Any CPU = Debug|Any CPU
		Release|Any CPU = Release|Any CPU
	EndGlobalSection
	GlobalSection(ProjectConfigurationPlatforms) = postSolution
		{BB9CAFDB-AE5A-4BF8-BCAF-E0095B6C0DED}.Debug|Any CPU.ActiveCfg = Debug|Any CPU
		{BB9CAFDB-AE5A-4BF8-BCAF-E0095B6C0DED}.Debug|Any CPU.Build.0 = Debug|Any CPU
		{BB9CAFDB-AE5A-4BF8-BCAF-E0095B6C0DED}.Release|Any CPU.ActiveCfg = Release|Any CPU
		{BB9CAFDB-AE5A-4BF8-BCAF-E0095B6C0DED}.Release|Any CPU.Build.0 = Release|Any CPU
	EndGlobalSection
	GlobalSection(SolutionProperties) = preSolution
		HideSolutionNode = FALSE
	EndGlobalSection
	GlobalSection(ExtensibilityGlobals) = postSolution
		SolutionGuid = {126B36BD-DEBB-43AE-9C23-87B8682B74F7}
	EndGlobalSection
EndGlobal
