
Microsoft Visual Studio Solution File, Format Version 12.00
# Visual Studio 15
VisualStudioVersion = 15.0.28307.438
MinimumVisualStudioVersion = 10.0.40219.1
Project("{FAE04EC0-301F-11D3-BF4B-00C04F79EFBC}") = "Part 2 LabWork 3.3", "Part 2 LabWork 3.3\Part 2 LabWork 3.3.csproj", "{9E9D8B51-EAD5-446E-BC85-1B4BABE1F165}"
EndProject
Global
	GlobalSection(SolutionConfigurationPlatforms) = preSolution
		Debug|Any CPU = Debug|Any CPU
		Release|Any CPU = Release|Any CPU
	EndGlobalSection
	GlobalSection(ProjectConfigurationPlatforms) = postSolution
		{9E9D8B51-EAD5-446E-BC85-1B4BABE1F165}.Debug|Any CPU.ActiveCfg = Debug|Any CPU
		{9E9D8B51-EAD5-446E-BC85-1B4BABE1F165}.Debug|Any CPU.Build.0 = Debug|Any CPU
		{9E9D8B51-EAD5-446E-BC85-1B4BABE1F165}.Release|Any CPU.ActiveCfg = Release|Any CPU
		{9E9D8B51-EAD5-446E-BC85-1B4BABE1F165}.Release|Any CPU.Build.0 = Release|Any CPU
	EndGlobalSection
	GlobalSection(SolutionProperties) = preSolution
		HideSolutionNode = FALSE
	EndGlobalSection
	GlobalSection(ExtensibilityGlobals) = postSolution
		SolutionGuid = {2D82A058-5BE3-40D1-B98E-D5E3BCE1B286}
	EndGlobalSection
EndGlobal
